
Microsoft Visual Studio Solution File, Format Version 12.00
# Visual Studio Version 17
VisualStudioVersion = 17.11.35327.3
MinimumVisualStudioVersion = 10.0.40219.1
Project("{9A19103F-16F7-4668-BE54-9A1E7A4F7556}") = "Ejercicio5", "Ejercicio5\Ejercicio5.csproj", "{B4AE0BA8-1DE4-4698-B49E-AE0B935827ED}"
EndProject
Project("{9A19103F-16F7-4668-BE54-9A1E7A4F7556}") = "Ejercicio1", "Ejercicio1\Ejercicio1.csproj", "{AF74766E-803B-4ECC-A474-4CEBF25275D6}"
EndProject
Project("{FAE04EC0-301F-11D3-BF4B-00C04F79EFBC}") = "Ejercicio2", "Ejercicio2\Ejercicio2.csproj", "{697643D3-E991-4435-A97F-DCC3EBE062B7}"
EndProject
Global
	GlobalSection(SolutionConfigurationPlatforms) = preSolution
		Debug|Any CPU = Debug|Any CPU
		Release|Any CPU = Release|Any CPU
	EndGlobalSection
	GlobalSection(ProjectConfigurationPlatforms) = postSolution
		{B4AE0BA8-1DE4-4698-B49E-AE0B935827ED}.Debug|Any CPU.ActiveCfg = Debug|Any CPU
		{B4AE0BA8-1DE4-4698-B49E-AE0B935827ED}.Debug|Any CPU.Build.0 = Debug|Any CPU
		{B4AE0BA8-1DE4-4698-B49E-AE0B935827ED}.Debug|Any CPU.Deploy.0 = Debug|Any CPU
		{B4AE0BA8-1DE4-4698-B49E-AE0B935827ED}.Release|Any CPU.ActiveCfg = Release|Any CPU
		{B4AE0BA8-1DE4-4698-B49E-AE0B935827ED}.Release|Any CPU.Build.0 = Release|Any CPU
		{B4AE0BA8-1DE4-4698-B49E-AE0B935827ED}.Release|Any CPU.Deploy.0 = Release|Any CPU
		{AF74766E-803B-4ECC-A474-4CEBF25275D6}.Debug|Any CPU.ActiveCfg = Debug|Any CPU
		{AF74766E-803B-4ECC-A474-4CEBF25275D6}.Debug|Any CPU.Build.0 = Debug|Any CPU
		{AF74766E-803B-4ECC-A474-4CEBF25275D6}.Debug|Any CPU.Deploy.0 = Debug|Any CPU
		{AF74766E-803B-4ECC-A474-4CEBF25275D6}.Release|Any CPU.ActiveCfg = Release|Any CPU
		{AF74766E-803B-4ECC-A474-4CEBF25275D6}.Release|Any CPU.Build.0 = Release|Any CPU
		{AF74766E-803B-4ECC-A474-4CEBF25275D6}.Release|Any CPU.Deploy.0 = Release|Any CPU
		{697643D3-E991-4435-A97F-DCC3EBE062B7}.Debug|Any CPU.ActiveCfg = Debug|Any CPU
		{697643D3-E991-4435-A97F-DCC3EBE062B7}.Debug|Any CPU.Build.0 = Debug|Any CPU
		{697643D3-E991-4435-A97F-DCC3EBE062B7}.Debug|Any CPU.Deploy.0 = Debug|Any CPU
		{697643D3-E991-4435-A97F-DCC3EBE062B7}.Release|Any CPU.ActiveCfg = Release|Any CPU
		{697643D3-E991-4435-A97F-DCC3EBE062B7}.Release|Any CPU.Build.0 = Release|Any CPU
		{697643D3-E991-4435-A97F-DCC3EBE062B7}.Release|Any CPU.Deploy.0 = Release|Any CPU
	EndGlobalSection
	GlobalSection(SolutionProperties) = preSolution
		HideSolutionNode = FALSE
	EndGlobalSection
	GlobalSection(ExtensibilityGlobals) = postSolution
		SolutionGuid = {BBE433E6-52C5-4F82-A08C-A24AD270C6F0}
	EndGlobalSection
EndGlobal
