
Microsoft Visual Studio Solution File, Format Version 12.00
# Visual Studio Version 17
VisualStudioVersion = 17.11.35312.102
MinimumVisualStudioVersion = 10.0.40219.1
Project("{9A19103F-16F7-4668-BE54-9A1E7A4F7556}") = "Ejercicio1Unidad5", "Ejercicio1Unidad5\Ejercicio1Unidad5.csproj", "{BE982C84-0D6F-4750-BA1E-8849B09F02FC}"
	ProjectSection(ProjectDependencies) = postProject
		{C5B383DB-C873-4FF5-A26D-F8B647C19C73} = {C5B383DB-C873-4FF5-A26D-F8B647C19C73}
	EndProjectSection
EndProject
Project("{FAE04EC0-301F-11D3-BF4B-00C04F79EFBC}") = "ClsPersona", "ClsPersona\ClsPersona.csproj", "{C5B383DB-C873-4FF5-A26D-F8B647C19C73}"
EndProject
Global
	GlobalSection(SolutionConfigurationPlatforms) = preSolution
		Debug|Any CPU = Debug|Any CPU
		Release|Any CPU = Release|Any CPU
	EndGlobalSection
	GlobalSection(ProjectConfigurationPlatforms) = postSolution
		{BE982C84-0D6F-4750-BA1E-8849B09F02FC}.Debug|Any CPU.ActiveCfg = Debug|Any CPU
		{BE982C84-0D6F-4750-BA1E-8849B09F02FC}.Debug|Any CPU.Build.0 = Debug|Any CPU
		{BE982C84-0D6F-4750-BA1E-8849B09F02FC}.Debug|Any CPU.Deploy.0 = Debug|Any CPU
		{BE982C84-0D6F-4750-BA1E-8849B09F02FC}.Release|Any CPU.ActiveCfg = Release|Any CPU
		{BE982C84-0D6F-4750-BA1E-8849B09F02FC}.Release|Any CPU.Build.0 = Release|Any CPU
		{BE982C84-0D6F-4750-BA1E-8849B09F02FC}.Release|Any CPU.Deploy.0 = Release|Any CPU
		{C5B383DB-C873-4FF5-A26D-F8B647C19C73}.Debug|Any CPU.ActiveCfg = Debug|Any CPU
		{C5B383DB-C873-4FF5-A26D-F8B647C19C73}.Debug|Any CPU.Build.0 = Debug|Any CPU
		{C5B383DB-C873-4FF5-A26D-F8B647C19C73}.Release|Any CPU.ActiveCfg = Release|Any CPU
		{C5B383DB-C873-4FF5-A26D-F8B647C19C73}.Release|Any CPU.Build.0 = Release|Any CPU
	EndGlobalSection
	GlobalSection(SolutionProperties) = preSolution
		HideSolutionNode = FALSE
	EndGlobalSection
	GlobalSection(ExtensibilityGlobals) = postSolution
		SolutionGuid = {155AA9C9-3BC6-4BF5-BE2B-14E6A6C27C2A}
	EndGlobalSection
EndGlobal
