
Microsoft Visual Studio Solution File, Format Version 12.00
# Visual Studio Version 17
VisualStudioVersion = 17.11.35327.3
MinimumVisualStudioVersion = 10.0.40219.1
Project("{FAE04EC0-301F-11D3-BF4B-00C04F79EFBC}") = "Ejercicio1_PPT", "EjerciciosTema8\Ejercicio1_PPT.csproj", "{4E8A4F8A-BCCD-49D0-B33F-ADF95BAF1A4A}"
EndProject
Global
	GlobalSection(SolutionConfigurationPlatforms) = preSolution
		Debug|Any CPU = Debug|Any CPU
		Release|Any CPU = Release|Any CPU
	EndGlobalSection
	GlobalSection(ProjectConfigurationPlatforms) = postSolution
		{4E8A4F8A-BCCD-49D0-B33F-ADF95BAF1A4A}.Debug|Any CPU.ActiveCfg = Debug|Any CPU
		{4E8A4F8A-BCCD-49D0-B33F-ADF95BAF1A4A}.Debug|Any CPU.Build.0 = Debug|Any CPU
		{4E8A4F8A-BCCD-49D0-B33F-ADF95BAF1A4A}.Debug|Any CPU.Deploy.0 = Debug|Any CPU
		{4E8A4F8A-BCCD-49D0-B33F-ADF95BAF1A4A}.Release|Any CPU.ActiveCfg = Release|Any CPU
		{4E8A4F8A-BCCD-49D0-B33F-ADF95BAF1A4A}.Release|Any CPU.Build.0 = Release|Any CPU
		{4E8A4F8A-BCCD-49D0-B33F-ADF95BAF1A4A}.Release|Any CPU.Deploy.0 = Release|Any CPU
	EndGlobalSection
	GlobalSection(SolutionProperties) = preSolution
		HideSolutionNode = FALSE
	EndGlobalSection
	GlobalSection(ExtensibilityGlobals) = postSolution
		SolutionGuid = {A8781F5F-8CEC-4FB0-AC00-2D052D9D2CDD}
	EndGlobalSection
EndGlobal
