
Microsoft Visual Studio Solution File, Format Version 12.00
# Visual Studio Version 17
VisualStudioVersion = 17.11.35431.28
MinimumVisualStudioVersion = 10.0.40219.1
Project("{9A19103F-16F7-4668-BE54-9A1E7A4F7556}") = "Ejercicio1", "Ejercicio1\Ejercicio1.csproj", "{7B7C6CA9-A8A1-4209-B1FD-376A5F74A39B}"
EndProject
Project("{9A19103F-16F7-4668-BE54-9A1E7A4F7556}") = "Ejercicio1DAL", "Ejercicio1DAL\Ejercicio1DAL.csproj", "{FC65461D-EEA3-4DAA-AB4C-B95F9068A5A0}"
EndProject
Project("{9A19103F-16F7-4668-BE54-9A1E7A4F7556}") = "Ejercicio1DTO", "Ejercicio1ENT\Ejercicio1DTO.csproj", "{44ECE472-9E6F-4598-98D7-9D02B123F15E}"
EndProject
Project("{9A19103F-16F7-4668-BE54-9A1E7A4F7556}") = "Ejercicio2", "Ejercicio2\Ejercicio2.csproj", "{978EA1A4-5121-423D-9238-DFF0C1D64FC9}"
EndProject
Project("{9A19103F-16F7-4668-BE54-9A1E7A4F7556}") = "Ejercicio2DAL", "Ejercicio2DAL\Ejercicio2DAL.csproj", "{35D6CB31-493A-4260-A348-32CB2E55A839}"
EndProject
Project("{9A19103F-16F7-4668-BE54-9A1E7A4F7556}") = "Ejercicio2DTO", "Ejercicio2ENT\Ejercicio2DTO.csproj", "{8CCB603B-5CBE-4B28-9054-6507C4D3C5CA}"
EndProject
Global
	GlobalSection(SolutionConfigurationPlatforms) = preSolution
		Debug|Any CPU = Debug|Any CPU
		Release|Any CPU = Release|Any CPU
	EndGlobalSection
	GlobalSection(ProjectConfigurationPlatforms) = postSolution
		{7B7C6CA9-A8A1-4209-B1FD-376A5F74A39B}.Debug|Any CPU.ActiveCfg = Debug|Any CPU
		{7B7C6CA9-A8A1-4209-B1FD-376A5F74A39B}.Debug|Any CPU.Build.0 = Debug|Any CPU
		{7B7C6CA9-A8A1-4209-B1FD-376A5F74A39B}.Debug|Any CPU.Deploy.0 = Debug|Any CPU
		{7B7C6CA9-A8A1-4209-B1FD-376A5F74A39B}.Release|Any CPU.ActiveCfg = Release|Any CPU
		{7B7C6CA9-A8A1-4209-B1FD-376A5F74A39B}.Release|Any CPU.Build.0 = Release|Any CPU
		{7B7C6CA9-A8A1-4209-B1FD-376A5F74A39B}.Release|Any CPU.Deploy.0 = Release|Any CPU
		{FC65461D-EEA3-4DAA-AB4C-B95F9068A5A0}.Debug|Any CPU.ActiveCfg = Debug|Any CPU
		{FC65461D-EEA3-4DAA-AB4C-B95F9068A5A0}.Debug|Any CPU.Build.0 = Debug|Any CPU
		{FC65461D-EEA3-4DAA-AB4C-B95F9068A5A0}.Release|Any CPU.ActiveCfg = Release|Any CPU
		{FC65461D-EEA3-4DAA-AB4C-B95F9068A5A0}.Release|Any CPU.Build.0 = Release|Any CPU
		{44ECE472-9E6F-4598-98D7-9D02B123F15E}.Debug|Any CPU.ActiveCfg = Debug|Any CPU
		{44ECE472-9E6F-4598-98D7-9D02B123F15E}.Debug|Any CPU.Build.0 = Debug|Any CPU
		{44ECE472-9E6F-4598-98D7-9D02B123F15E}.Release|Any CPU.ActiveCfg = Release|Any CPU
		{44ECE472-9E6F-4598-98D7-9D02B123F15E}.Release|Any CPU.Build.0 = Release|Any CPU
		{978EA1A4-5121-423D-9238-DFF0C1D64FC9}.Debug|Any CPU.ActiveCfg = Debug|Any CPU
		{978EA1A4-5121-423D-9238-DFF0C1D64FC9}.Debug|Any CPU.Build.0 = Debug|Any CPU
		{978EA1A4-5121-423D-9238-DFF0C1D64FC9}.Debug|Any CPU.Deploy.0 = Debug|Any CPU
		{978EA1A4-5121-423D-9238-DFF0C1D64FC9}.Release|Any CPU.ActiveCfg = Release|Any CPU
		{978EA1A4-5121-423D-9238-DFF0C1D64FC9}.Release|Any CPU.Build.0 = Release|Any CPU
		{978EA1A4-5121-423D-9238-DFF0C1D64FC9}.Release|Any CPU.Deploy.0 = Release|Any CPU
		{35D6CB31-493A-4260-A348-32CB2E55A839}.Debug|Any CPU.ActiveCfg = Debug|Any CPU
		{35D6CB31-493A-4260-A348-32CB2E55A839}.Debug|Any CPU.Build.0 = Debug|Any CPU
		{35D6CB31-493A-4260-A348-32CB2E55A839}.Release|Any CPU.ActiveCfg = Release|Any CPU
		{35D6CB31-493A-4260-A348-32CB2E55A839}.Release|Any CPU.Build.0 = Release|Any CPU
		{8CCB603B-5CBE-4B28-9054-6507C4D3C5CA}.Debug|Any CPU.ActiveCfg = Debug|Any CPU
		{8CCB603B-5CBE-4B28-9054-6507C4D3C5CA}.Debug|Any CPU.Build.0 = Debug|Any CPU
		{8CCB603B-5CBE-4B28-9054-6507C4D3C5CA}.Release|Any CPU.ActiveCfg = Release|Any CPU
		{8CCB603B-5CBE-4B28-9054-6507C4D3C5CA}.Release|Any CPU.Build.0 = Release|Any CPU
	EndGlobalSection
	GlobalSection(SolutionProperties) = preSolution
		HideSolutionNode = FALSE
	EndGlobalSection
	GlobalSection(ExtensibilityGlobals) = postSolution
		SolutionGuid = {450C083B-97CF-4E28-BB6F-AA26B9361A23}
	EndGlobalSection
EndGlobal
